// !$*UTF8*$!
{
	archiveVersion = 1;
	classes = {
	};
	objectVersion = 48;
	objects = {

/* Begin PBXBuildFile section */
		E0249F98202375C300673C87 /* AppDelegate.swift in Sources */ = {isa = PBXBuildFile; fileRef = E0249F97202375C300673C87 /* AppDelegate.swift */; };
		E0249F9D202375C300673C87 /* Main.storyboard in Resources */ = {isa = PBXBuildFile; fileRef = E0249F9B202375C300673C87 /* Main.storyboard */; };
		E0249F9F202375C300673C87 /* Assets.xcassets in Resources */ = {isa = PBXBuildFile; fileRef = E0249F9E202375C300673C87 /* Assets.xcassets */; };
		E0249FA2202375C300673C87 /* LaunchScreen.storyboard in Resources */ = {isa = PBXBuildFile; fileRef = E0249FA0202375C300673C87 /* LaunchScreen.storyboard */; };
		E0249FAD202375C300673C87 /* TumblrTests.swift in Sources */ = {isa = PBXBuildFile; fileRef = E0249FAC202375C300673C87 /* TumblrTests.swift */; };
		E0249FB8202375C400673C87 /* TumblrUITests.swift in Sources */ = {isa = PBXBuildFile; fileRef = E0249FB7202375C400673C87 /* TumblrUITests.swift */; };
		E0A0A48920238177000EC85D /* ViewController.swift in Sources */ = {isa = PBXBuildFile; fileRef = E0A0A48820238177000EC85D /* ViewController.swift */; };
		E0D5CD88202E4C7100BF0C94 /* PhotoCell.swift in Sources */ = {isa = PBXBuildFile; fileRef = E0D5CD87202E4C7100BF0C94 /* PhotoCell.swift */; };
		E0D5CD8E2031101700BF0C94 /* PhotoDetailsViewController.swift in Sources */ = {isa = PBXBuildFile; fileRef = E0D5CD8D2031101700BF0C94 /* PhotoDetailsViewController.swift */; };
		E4265041825BD4D19BB3C772 /* Pods_Tumblr.framework in Frameworks */ = {isa = PBXBuildFile; fileRef = 82084FAC31887B8EA992539D /* Pods_Tumblr.framework */; };
/* End PBXBuildFile section */

/* Begin PBXContainerItemProxy section */
		E0249FA9202375C300673C87 /* PBXContainerItemProxy */ = {
			isa = PBXContainerItemProxy;
			containerPortal = E0249F8C202375C300673C87 /* Project object */;
			proxyType = 1;
			remoteGlobalIDString = E0249F93202375C300673C87;
			remoteInfo = Tumblr;
		};
		E0249FB4202375C300673C87 /* PBXContainerItemProxy */ = {
			isa = PBXContainerItemProxy;
			containerPortal = E0249F8C202375C300673C87 /* Project object */;
			proxyType = 1;
			remoteGlobalIDString = E0249F93202375C300673C87;
			remoteInfo = Tumblr;
		};
/* End PBXContainerItemProxy section */

/* Begin PBXFileReference section */
		080A5822B2BB8D4C266D9189 /* Pods-Tumblr.debug.xcconfig */ = {isa = PBXFileReference; includeInIndex = 1; lastKnownFileType = text.xcconfig; name = "Pods-Tumblr.debug.xcconfig"; path = "Pods/Target Support Files/Pods-Tumblr/Pods-Tumblr.debug.xcconfig"; sourceTree = "<group>"; };
		82084FAC31887B8EA992539D /* Pods_Tumblr.framework */ = {isa = PBXFileReference; explicitFileType = wrapper.framework; includeInIndex = 0; path = Pods_Tumblr.framework; sourceTree = BUILT_PRODUCTS_DIR; };
		84B7DB90545E14D5F8778650 /* Pods_TumblrUITests.framework */ = {isa = PBXFileReference; explicitFileType = wrapper.framework; includeInIndex = 0; path = Pods_TumblrUITests.framework; sourceTree = BUILT_PRODUCTS_DIR; };
		DD6DCDCA09887C1783BE5E8F /* Pods_TumblrTests.framework */ = {isa = PBXFileReference; explicitFileType = wrapper.framework; includeInIndex = 0; path = Pods_TumblrTests.framework; sourceTree = BUILT_PRODUCTS_DIR; };
		E0249F94202375C300673C87 /* Tumblr.app */ = {isa = PBXFileReference; explicitFileType = wrapper.application; includeInIndex = 0; path = Tumblr.app; sourceTree = BUILT_PRODUCTS_DIR; };
		E0249F97202375C300673C87 /* AppDelegate.swift */ = {isa = PBXFileReference; lastKnownFileType = sourcecode.swift; path = AppDelegate.swift; sourceTree = "<group>"; };
		E0249F9C202375C300673C87 /* Base */ = {isa = PBXFileReference; lastKnownFileType = file.storyboard; name = Base; path = Base.lproj/Main.storyboard; sourceTree = "<group>"; };
		E0249F9E202375C300673C87 /* Assets.xcassets */ = {isa = PBXFileReference; lastKnownFileType = folder.assetcatalog; path = Assets.xcassets; sourceTree = "<group>"; };
		E0249FA1202375C300673C87 /* Base */ = {isa = PBXFileReference; lastKnownFileType = file.storyboard; name = Base; path = Base.lproj/LaunchScreen.storyboard; sourceTree = "<group>"; };
		E0249FA3202375C300673C87 /* Info.plist */ = {isa = PBXFileReference; lastKnownFileType = text.plist.xml; path = Info.plist; sourceTree = "<group>"; };
		E0249FA8202375C300673C87 /* TumblrTests.xctest */ = {isa = PBXFileReference; explicitFileType = wrapper.cfbundle; includeInIndex = 0; path = TumblrTests.xctest; sourceTree = BUILT_PRODUCTS_DIR; };
		E0249FAC202375C300673C87 /* TumblrTests.swift */ = {isa = PBXFileReference; lastKnownFileType = sourcecode.swift; path = TumblrTests.swift; sourceTree = "<group>"; };
		E0249FAE202375C300673C87 /* Info.plist */ = {isa = PBXFileReference; lastKnownFileType = text.plist.xml; path = Info.plist; sourceTree = "<group>"; };
		E0249FB3202375C300673C87 /* TumblrUITests.xctest */ = {isa = PBXFileReference; explicitFileType = wrapper.cfbundle; includeInIndex = 0; path = TumblrUITests.xctest; sourceTree = BUILT_PRODUCTS_DIR; };
		E0249FB7202375C400673C87 /* TumblrUITests.swift */ = {isa = PBXFileReference; lastKnownFileType = sourcecode.swift; path = TumblrUITests.swift; sourceTree = "<group>"; };
		E0249FB9202375C400673C87 /* Info.plist */ = {isa = PBXFileReference; lastKnownFileType = text.plist.xml; path = Info.plist; sourceTree = "<group>"; };
		E0A0A48820238177000EC85D /* ViewController.swift */ = {isa = PBXFileReference; lastKnownFileType = sourcecode.swift; path = ViewController.swift; sourceTree = "<group>"; };
		E0D5CD87202E4C7100BF0C94 /* PhotoCell.swift */ = {isa = PBXFileReference; lastKnownFileType = sourcecode.swift; path = PhotoCell.swift; sourceTree = "<group>"; };
		E0D5CD8D2031101700BF0C94 /* PhotoDetailsViewController.swift */ = {isa = PBXFileReference; lastKnownFileType = sourcecode.swift; path = PhotoDetailsViewController.swift; sourceTree = "<group>"; };
		E86B777910B4D0C8DA70249C /* Pods-Tumblr.release.xcconfig */ = {isa = PBXFileReference; includeInIndex = 1; lastKnownFileType = text.xcconfig; name = "Pods-Tumblr.release.xcconfig"; path = "Pods/Target Support Files/Pods-Tumblr/Pods-Tumblr.release.xcconfig"; sourceTree = "<group>"; };
/* End PBXFileReference section */

/* Begin PBXFrameworksBuildPhase section */
		E0249F91202375C300673C87 /* Frameworks */ = {
			isa = PBXFrameworksBuildPhase;
			buildActionMask = 2147483647;
			files = (
				E4265041825BD4D19BB3C772 /* Pods_Tumblr.framework in Frameworks */,
			);
			runOnlyForDeploymentPostprocessing = 0;
		};
		E0249FA5202375C300673C87 /* Frameworks */ = {
			isa = PBXFrameworksBuildPhase;
			buildActionMask = 2147483647;
			files = (
			);
			runOnlyForDeploymentPostprocessing = 0;
		};
		E0249FB0202375C300673C87 /* Frameworks */ = {
			isa = PBXFrameworksBuildPhase;
			buildActionMask = 2147483647;
			files = (
			);
			runOnlyForDeploymentPostprocessing = 0;
		};
/* End PBXFrameworksBuildPhase section */

/* Begin PBXGroup section */
		21D780988D4D275CD9F708BD /* Pods */ = {
			isa = PBXGroup;
			children = (
				080A5822B2BB8D4C266D9189 /* Pods-Tumblr.debug.xcconfig */,
				E86B777910B4D0C8DA70249C /* Pods-Tumblr.release.xcconfig */,
			);
			name = Pods;
			sourceTree = "<group>";
		};
		E0249F8B202375C300673C87 = {
			isa = PBXGroup;
			children = (
				E0249F96202375C300673C87 /* Tumblr */,
				E0249FAB202375C300673C87 /* TumblrTests */,
				E0249FB6202375C400673C87 /* TumblrUITests */,
				E0249F95202375C300673C87 /* Products */,
				21D780988D4D275CD9F708BD /* Pods */,
				E352204E1436029FFF991A9C /* Frameworks */,
			);
			sourceTree = "<group>";
		};
		E0249F95202375C300673C87 /* Products */ = {
			isa = PBXGroup;
			children = (
				E0249F94202375C300673C87 /* Tumblr.app */,
				E0249FA8202375C300673C87 /* TumblrTests.xctest */,
				E0249FB3202375C300673C87 /* TumblrUITests.xctest */,
			);
			name = Products;
			sourceTree = "<group>";
		};
		E0249F96202375C300673C87 /* Tumblr */ = {
			isa = PBXGroup;
			children = (
				E0A0A48820238177000EC85D /* ViewController.swift */,
				E0D5CD87202E4C7100BF0C94 /* PhotoCell.swift */,
				E0249F97202375C300673C87 /* AppDelegate.swift */,
				E0D5CD8D2031101700BF0C94 /* PhotoDetailsViewController.swift */,
				E0249F9B202375C300673C87 /* Main.storyboard */,
				E0249F9E202375C300673C87 /* Assets.xcassets */,
				E0249FA0202375C300673C87 /* LaunchScreen.storyboard */,
				E0249FA3202375C300673C87 /* Info.plist */,
			);
			path = Tumblr;
			sourceTree = "<group>";
		};
		E0249FAB202375C300673C87 /* TumblrTests */ = {
			isa = PBXGroup;
			children = (
				E0249FAC202375C300673C87 /* TumblrTests.swift */,
				E0249FAE202375C300673C87 /* Info.plist */,
			);
			path = TumblrTests;
			sourceTree = "<group>";
		};
		E0249FB6202375C400673C87 /* TumblrUITests */ = {
			isa = PBXGroup;
			children = (
				E0249FB7202375C400673C87 /* TumblrUITests.swift */,
				E0249FB9202375C400673C87 /* Info.plist */,
			);
			path = TumblrUITests;
			sourceTree = "<group>";
		};
		E352204E1436029FFF991A9C /* Frameworks */ = {
			isa = PBXGroup;
			children = (
				82084FAC31887B8EA992539D /* Pods_Tumblr.framework */,
				DD6DCDCA09887C1783BE5E8F /* Pods_TumblrTests.framework */,
				84B7DB90545E14D5F8778650 /* Pods_TumblrUITests.framework */,
			);
			name = Frameworks;
			sourceTree = "<group>";
		};
/* End PBXGroup section */

/* Begin PBXNativeTarget section */
		E0249F93202375C300673C87 /* Tumblr */ = {
			isa = PBXNativeTarget;
			buildConfigurationList = E0249FBC202375C400673C87 /* Build configuration list for PBXNativeTarget "Tumblr" */;
			buildPhases = (
				CF96C371AF3BC74590890585 /* [CP] Check Pods Manifest.lock */,
				E0249F90202375C300673C87 /* Sources */,
				E0249F91202375C300673C87 /* Frameworks */,
				E0249F92202375C300673C87 /* Resources */,
				0E0B8EE57FC26482E008C0BE /* [CP] Embed Pods Frameworks */,
				E1AF689E8BED37B33DE938E4 /* [CP] Copy Pods Resources */,
			);
			buildRules = (
			);
			dependencies = (
			);
			name = Tumblr;
			productName = Tumblr;
			productReference = E0249F94202375C300673C87 /* Tumblr.app */;
			productType = "com.apple.product-type.application";
		};
		E0249FA7202375C300673C87 /* TumblrTests */ = {
			isa = PBXNativeTarget;
			buildConfigurationList = E0249FBF202375C400673C87 /* Build configuration list for PBXNativeTarget "TumblrTests" */;
			buildPhases = (
				E0249FA4202375C300673C87 /* Sources */,
				E0249FA5202375C300673C87 /* Frameworks */,
				E0249FA6202375C300673C87 /* Resources */,
			);
			buildRules = (
			);
			dependencies = (
				E0249FAA202375C300673C87 /* PBXTargetDependency */,
			);
			name = TumblrTests;
			productName = TumblrTests;
			productReference = E0249FA8202375C300673C87 /* TumblrTests.xctest */;
			productType = "com.apple.product-type.bundle.unit-test";
		};
		E0249FB2202375C300673C87 /* TumblrUITests */ = {
			isa = PBXNativeTarget;
			buildConfigurationList = E0249FC2202375C400673C87 /* Build configuration list for PBXNativeTarget "TumblrUITests" */;
			buildPhases = (
				E0249FAF202375C300673C87 /* Sources */,
				E0249FB0202375C300673C87 /* Frameworks */,
				E0249FB1202375C300673C87 /* Resources */,
			);
			buildRules = (
			);
			dependencies = (
				E0249FB5202375C300673C87 /* PBXTargetDependency */,
			);
			name = TumblrUITests;
			productName = TumblrUITests;
			productReference = E0249FB3202375C300673C87 /* TumblrUITests.xctest */;
			productType = "com.apple.product-type.bundle.ui-testing";
		};
/* End PBXNativeTarget section */

/* Begin PBXProject section */
		E0249F8C202375C300673C87 /* Project object */ = {
			isa = PBXProject;
			attributes = {
				LastSwiftUpdateCheck = 0920;
				LastUpgradeCheck = 0920;
				ORGANIZATIONNAME = "Elijah Kumi";
				TargetAttributes = {
					E0249F93202375C300673C87 = {
						CreatedOnToolsVersion = 9.2;
						ProvisioningStyle = Automatic;
					};
					E0249FA7202375C300673C87 = {
						CreatedOnToolsVersion = 9.2;
						ProvisioningStyle = Automatic;
						TestTargetID = E0249F93202375C300673C87;
					};
					E0249FB2202375C300673C87 = {
						CreatedOnToolsVersion = 9.2;
						ProvisioningStyle = Automatic;
						TestTargetID = E0249F93202375C300673C87;
					};
				};
			};
			buildConfigurationList = E0249F8F202375C300673C87 /* Build configuration list for PBXProject "Tumblr" */;
			compatibilityVersion = "Xcode 8.0";
			developmentRegion = en;
			hasScannedForEncodings = 0;
			knownRegions = (
				en,
				Base,
			);
			mainGroup = E0249F8B202375C300673C87;
			productRefGroup = E0249F95202375C300673C87 /* Products */;
			projectDirPath = "";
			projectRoot = "";
			targets = (
				E0249F93202375C300673C87 /* Tumblr */,
				E0249FA7202375C300673C87 /* TumblrTests */,
				E0249FB2202375C300673C87 /* TumblrUITests */,
			);
		};
/* End PBXProject section */

/* Begin PBXResourcesBuildPhase section */
		E0249F92202375C300673C87 /* Resources */ = {
			isa = PBXResourcesBuildPhase;
			buildActionMask = 2147483647;
			files = (
				E0249FA2202375C300673C87 /* LaunchScreen.storyboard in Resources */,
				E0249F9F202375C300673C87 /* Assets.xcassets in Resources */,
				E0249F9D202375C300673C87 /* Main.storyboard in Resources */,
			);
			runOnlyForDeploymentPostprocessing = 0;
		};
		E0249FA6202375C300673C87 /* Resources */ = {
			isa = PBXResourcesBuildPhase;
			buildActionMask = 2147483647;
			files = (
			);
			runOnlyForDeploymentPostprocessing = 0;
		};
		E0249FB1202375C300673C87 /* Resources */ = {
			isa = PBXResourcesBuildPhase;
			buildActionMask = 2147483647;
			files = (
			);
			runOnlyForDeploymentPostprocessing = 0;
		};
/* End PBXResourcesBuildPhase section */

/* Begin PBXShellScriptBuildPhase section */
		0E0B8EE57FC26482E008C0BE /* [CP] Embed Pods Frameworks */ = {
			isa = PBXShellScriptBuildPhase;
			buildActionMask = 2147483647;
			files = (
			);
			inputPaths = (
				"${SRCROOT}/Pods/Target Support Files/Pods-Tumblr/Pods-Tumblr-frameworks.sh",
				"${BUILT_PRODUCTS_DIR}/Alamofire/Alamofire.framework",
				"${BUILT_PRODUCTS_DIR}/AlamofireImage/AlamofireImage.framework",
				"${BUILT_PRODUCTS_DIR}/OAuthSwift/OAuthSwift.framework",
				"${BUILT_PRODUCTS_DIR}/OAuthSwiftAlamofire/OAuthSwiftAlamofire.framework",
			);
			name = "[CP] Embed Pods Frameworks";
			outputPaths = (
				"${TARGET_BUILD_DIR}/${FRAMEWORKS_FOLDER_PATH}/Alamofire.framework",
				"${TARGET_BUILD_DIR}/${FRAMEWORKS_FOLDER_PATH}/AlamofireImage.framework",
				"${TARGET_BUILD_DIR}/${FRAMEWORKS_FOLDER_PATH}/OAuthSwift.framework",
				"${TARGET_BUILD_DIR}/${FRAMEWORKS_FOLDER_PATH}/OAuthSwiftAlamofire.framework",
			);
			runOnlyForDeploymentPostprocessing = 0;
			shellPath = /bin/sh;
			shellScript = "\"${SRCROOT}/Pods/Target Support Files/Pods-Tumblr/Pods-Tumblr-frameworks.sh\"\n";
			showEnvVarsInLog = 0;
		};
		CF96C371AF3BC74590890585 /* [CP] Check Pods Manifest.lock */ = {
			isa = PBXShellScriptBuildPhase;
			buildActionMask = 2147483647;
			files = (
			);
			inputPaths = (
				"${PODS_PODFILE_DIR_PATH}/Podfile.lock",
				"${PODS_ROOT}/Manifest.lock",
			);
			name = "[CP] Check Pods Manifest.lock";
			outputPaths = (
				"$(DERIVED_FILE_DIR)/Pods-Tumblr-checkManifestLockResult.txt",
			);
			runOnlyForDeploymentPostprocessing = 0;
			shellPath = /bin/sh;
			shellScript = "diff \"${PODS_PODFILE_DIR_PATH}/Podfile.lock\" \"${PODS_ROOT}/Manifest.lock\" > /dev/null\nif [ $? != 0 ] ; then\n    # print error to STDERR\n    echo \"error: The sandbox is not in sync with the Podfile.lock. Run 'pod install' or update your CocoaPods installation.\" >&2\n    exit 1\nfi\n# This output is used by Xcode 'outputs' to avoid re-running this script phase.\necho \"SUCCESS\" > \"${SCRIPT_OUTPUT_FILE_0}\"\n";
			showEnvVarsInLog = 0;
		};
		E1AF689E8BED37B33DE938E4 /* [CP] Copy Pods Resources */ = {
			isa = PBXShellScriptBuildPhase;
			buildActionMask = 2147483647;
			files = (
			);
			inputPaths = (
			);
			name = "[CP] Copy Pods Resources";
			outputPaths = (
			);
			runOnlyForDeploymentPostprocessing = 0;
			shellPath = /bin/sh;
			shellScript = "\"${SRCROOT}/Pods/Target Support Files/Pods-Tumblr/Pods-Tumblr-resources.sh\"\n";
			showEnvVarsInLog = 0;
		};
/* End PBXShellScriptBuildPhase section */

/* Begin PBXSourcesBuildPhase section */
		E0249F90202375C300673C87 /* Sources */ = {
			isa = PBXSourcesBuildPhase;
			buildActionMask = 2147483647;
			files = (
				E0D5CD8E2031101700BF0C94 /* PhotoDetailsViewController.swift in Sources */,
				E0A0A48920238177000EC85D /* ViewController.swift in Sources */,
				E0D5CD88202E4C7100BF0C94 /* PhotoCell.swift in Sources */,
				E0249F98202375C300673C87 /* AppDelegate.swift in Sources */,
			);
			runOnlyForDeploymentPostprocessing = 0;
		};
		E0249FA4202375C300673C87 /* Sources */ = {
			isa = PBXSourcesBuildPhase;
			buildActionMask = 2147483647;
			files = (
				E0249FAD202375C300673C87 /* TumblrTests.swift in Sources */,
			);
			runOnlyForDeploymentPostprocessing = 0;
		};
		E0249FAF202375C300673C87 /* Sources */ = {
			isa = PBXSourcesBuildPhase;
			buildActionMask = 2147483647;
			files = (
				E0249FB8202375C400673C87 /* TumblrUITests.swift in Sources */,
			);
			runOnlyForDeploymentPostprocessing = 0;
		};
/* End PBXSourcesBuildPhase section */

/* Begin PBXTargetDependency section */
		E0249FAA202375C300673C87 /* PBXTargetDependency */ = {
			isa = PBXTargetDependency;
			target = E0249F93202375C300673C87 /* Tumblr */;
			targetProxy = E0249FA9202375C300673C87 /* PBXContainerItemProxy */;
		};
		E0249FB5202375C300673C87 /* PBXTargetDependency */ = {
			isa = PBXTargetDependency;
			target = E0249F93202375C300673C87 /* Tumblr */;
			targetProxy = E0249FB4202375C300673C87 /* PBXContainerItemProxy */;
		};
/* End PBXTargetDependency section */

/* Begin PBXVariantGroup section */
		E0249F9B202375C300673C87 /* Main.storyboard */ = {
			isa = PBXVariantGroup;
			children = (
				E0249F9C202375C300673C87 /* Base */,
			);
			name = Main.storyboard;
			sourceTree = "<group>";
		};
		E0249FA0202375C300673C87 /* LaunchScreen.storyboard */ = {
			isa = PBXVariantGroup;
			children = (
				E0249FA1202375C300673C87 /* Base */,
			);
			name = LaunchScreen.storyboard;
			sourceTree = "<group>";
		};
/* End PBXVariantGroup section */

/* Begin XCBuildConfiguration section */
		E0249FBA202375C400673C87 /* Debug */ = {
			isa = XCBuildConfiguration;
			buildSettings = {
				ALWAYS_SEARCH_USER_PATHS = NO;
				CLANG_ANALYZER_NONNULL = YES;
				CLANG_ANALYZER_NUMBER_OBJECT_CONVERSION = YES_AGGRESSIVE;
				CLANG_CXX_LANGUAGE_STANDARD = "gnu++14";
				CLANG_CXX_LIBRARY = "libc++";
				CLANG_ENABLE_MODULES = YES;
				CLANG_ENABLE_OBJC_ARC = YES;
				CLANG_WARN_BLOCK_CAPTURE_AUTORELEASING = YES;
				CLANG_WARN_BOOL_CONVERSION = YES;
				CLANG_WARN_COMMA = YES;
				CLANG_WARN_CONSTANT_CONVERSION = YES;
				CLANG_WARN_DIRECT_OBJC_ISA_USAGE = YES_ERROR;
				CLANG_WARN_DOCUMENTATION_COMMENTS = YES;
				CLANG_WARN_EMPTY_BODY = YES;
				CLANG_WARN_ENUM_CONVERSION = YES;
				CLANG_WARN_INFINITE_RECURSION = YES;
				CLANG_WARN_INT_CONVERSION = YES;
				CLANG_WARN_NON_LITERAL_NULL_CONVERSION = YES;
				CLANG_WARN_OBJC_LITERAL_CONVERSION = YES;
				CLANG_WARN_OBJC_ROOT_CLASS = YES_ERROR;
				CLANG_WARN_RANGE_LOOP_ANALYSIS = YES;
				CLANG_WARN_STRICT_PROTOTYPES = YES;
				CLANG_WARN_SUSPICIOUS_MOVE = YES;
				CLANG_WARN_UNGUARDED_AVAILABILITY = YES_AGGRESSIVE;
				CLANG_WARN_UNREACHABLE_CODE = YES;
				CLANG_WARN__DUPLICATE_METHOD_MATCH = YES;
				CODE_SIGN_IDENTITY = "iPhone Developer";
				COPY_PHASE_STRIP = NO;
				DEBUG_INFORMATION_FORMAT = dwarf;
				ENABLE_STRICT_OBJC_MSGSEND = YES;
				ENABLE_TESTABILITY = YES;
				GCC_C_LANGUAGE_STANDARD = gnu11;
				GCC_DYNAMIC_NO_PIC = NO;
				GCC_NO_COMMON_BLOCKS = YES;
				GCC_OPTIMIZATION_LEVEL = 0;
				GCC_PREPROCESSOR_DEFINITIONS = (
					"DEBUG=1",
					"$(inherited)",
				);
				GCC_WARN_64_TO_32_BIT_CONVERSION = YES;
				GCC_WARN_ABOUT_RETURN_TYPE = YES_ERROR;
				GCC_WARN_UNDECLARED_SELECTOR = YES;
				GCC_WARN_UNINITIALIZED_AUTOS = YES_AGGRESSIVE;
				GCC_WARN_UNUSED_FUNCTION = YES;
				GCC_WARN_UNUSED_VARIABLE = YES;
				IPHONEOS_DEPLOYMENT_TARGET = 11.2;
				MTL_ENABLE_DEBUG_INFO = YES;
				ONLY_ACTIVE_ARCH = YES;
				SDKROOT = iphoneos;
				SWIFT_ACTIVE_COMPILATION_CONDITIONS = DEBUG;
				SWIFT_OPTIMIZATION_LEVEL = "-Onone";
			};
			name = Debug;
		};
		E0249FBB202375C400673C87 /* Release */ = {
			isa = XCBuildConfiguration;
			buildSettings = {
				ALWAYS_SEARCH_USER_PATHS = NO;
				CLANG_ANALYZER_NONNULL = YES;
				CLANG_ANALYZER_NUMBER_OBJECT_CONVERSION = YES_AGGRESSIVE;
				CLANG_CXX_LANGUAGE_STANDARD = "gnu++14";
				CLANG_CXX_LIBRARY = "libc++";
				CLANG_ENABLE_MODULES = YES;
				CLANG_ENABLE_OBJC_ARC = YES;
				CLANG_WARN_BLOCK_CAPTURE_AUTORELEASING = YES;
				CLANG_WARN_BOOL_CONVERSION = YES;
				CLANG_WARN_COMMA = YES;
				CLANG_WARN_CONSTANT_CONVERSION = YES;
				CLANG_WARN_DIRECT_OBJC_ISA_USAGE = YES_ERROR;
				CLANG_WARN_DOCUMENTATION_COMMENTS = YES;
				CLANG_WARN_EMPTY_BODY = YES;
				CLANG_WARN_ENUM_CONVERSION = YES;
				CLANG_WARN_INFINITE_RECURSION = YES;
				CLANG_WARN_INT_CONVERSION = YES;
				CLANG_WARN_NON_LITERAL_NULL_CONVERSION = YES;
				CLANG_WARN_OBJC_LITERAL_CONVERSION = YES;
				CLANG_WARN_OBJC_ROOT_CLASS = YES_ERROR;
				CLANG_WARN_RANGE_LOOP_ANALYSIS = YES;
				CLANG_WARN_STRICT_PROTOTYPES = YES;
				CLANG_WARN_SUSPICIOUS_MOVE = YES;
				CLANG_WARN_UNGUARDED_AVAILABILITY = YES_AGGRESSIVE;
				CLANG_WARN_UNREACHABLE_CODE = YES;
				CLANG_WARN__DUPLICATE_METHOD_MATCH = YES;
				CODE_SIGN_IDENTITY = "iPhone Developer";
				COPY_PHASE_STRIP = NO;
				DEBUG_INFORMATION_FORMAT = "dwarf-with-dsym";
				ENABLE_NS_ASSERTIONS = NO;
				ENABLE_STRICT_OBJC_MSGSEND = YES;
				GCC_C_LANGUAGE_STANDARD = gnu11;
				GCC_NO_COMMON_BLOCKS = YES;
				GCC_WARN_64_TO_32_BIT_CONVERSION = YES;
				GCC_WARN_ABOUT_RETURN_TYPE = YES_ERROR;
				GCC_WARN_UNDECLARED_SELECTOR = YES;
				GCC_WARN_UNINITIALIZED_AUTOS = YES_AGGRESSIVE;
				GCC_WARN_UNUSED_FUNCTION = YES;
				GCC_WARN_UNUSED_VARIABLE = YES;
				IPHONEOS_DEPLOYMENT_TARGET = 11.2;
				MTL_ENABLE_DEBUG_INFO = NO;
				SDKROOT = iphoneos;
				SWIFT_OPTIMIZATION_LEVEL = "-Owholemodule";
				VALIDATE_PRODUCT = YES;
			};
			name = Release;
		};
		E0249FBD202375C400673C87 /* Debug */ = {
			isa = XCBuildConfiguration;
			baseConfigurationReference = 080A5822B2BB8D4C266D9189 /* Pods-Tumblr.debug.xcconfig */;
			buildSettings = {
				ASSETCATALOG_COMPILER_APPICON_NAME = AppIcon;
				CODE_SIGN_STYLE = Automatic;
				DEVELOPMENT_TEAM = L84MJ8VB5P;
				INFOPLIST_FILE = Tumblr/Info.plist;
				LD_RUNPATH_SEARCH_PATHS = "$(inherited) @executable_path/Frameworks";
				PRODUCT_BUNDLE_IDENTIFIER = "Morgan-State.Tumblr";
				PRODUCT_NAME = "$(TARGET_NAME)";
				SWIFT_VERSION = 4.0;
				TARGETED_DEVICE_FAMILY = "1,2";
			};
			name = Debug;
		};
		E0249FBE202375C400673C87 /* Release */ = {
			isa = XCBuildConfiguration;
			baseConfigurationReference = E86B777910B4D0C8DA70249C /* Pods-Tumblr.release.xcconfig */;
			buildSettings = {
				ASSETCATALOG_COMPILER_APPICON_NAME = AppIcon;
				CODE_SIGN_STYLE = Automatic;
				DEVELOPMENT_TEAM = L84MJ8VB5P;
				INFOPLIST_FILE = Tumblr/Info.plist;
				LD_RUNPATH_SEARCH_PATHS = "$(inherited) @executable_path/Frameworks";
				PRODUCT_BUNDLE_IDENTIFIER = "Morgan-State.Tumblr";
				PRODUCT_NAME = "$(TARGET_NAME)";
				SWIFT_VERSION = 4.0;
				TARGETED_DEVICE_FAMILY = "1,2";
			};
			name = Release;
		};
		E0249FC0202375C400673C87 /* Debug */ = {
			isa = XCBuildConfiguration;
			buildSettings = {
				ALWAYS_EMBED_SWIFT_STANDARD_LIBRARIES = YES;
				BUNDLE_LOADER = "$(TEST_HOST)";
				CODE_SIGN_STYLE = Automatic;
				DEVELOPMENT_TEAM = L84MJ8VB5P;
				INFOPLIST_FILE = TumblrTests/Info.plist;
				LD_RUNPATH_SEARCH_PATHS = "$(inherited) @executable_path/Frameworks @loader_path/Frameworks";
				PRODUCT_BUNDLE_IDENTIFIER = "Morgan-State.TumblrTests";
				PRODUCT_NAME = "$(TARGET_NAME)";
				SWIFT_VERSION = 4.0;
				TARGETED_DEVICE_FAMILY = "1,2";
				TEST_HOST = "$(BUILT_PRODUCTS_DIR)/Tumblr.app/Tumblr";
			};
			name = Debug;
		};
		E0249FC1202375C400673C87 /* Release */ = {
			isa = XCBuildConfiguration;
			buildSettings = {
				ALWAYS_EMBED_SWIFT_STANDARD_LIBRARIES = YES;
				BUNDLE_LOADER = "$(TEST_HOST)";
				CODE_SIGN_STYLE = Automatic;
				DEVELOPMENT_TEAM = L84MJ8VB5P;
				INFOPLIST_FILE = TumblrTests/Info.plist;
				LD_RUNPATH_SEARCH_PATHS = "$(inherited) @executable_path/Frameworks @loader_path/Frameworks";
				PRODUCT_BUNDLE_IDENTIFIER = "Morgan-State.TumblrTests";
				PRODUCT_NAME = "$(TARGET_NAME)";
				SWIFT_VERSION = 4.0;
				TARGETED_DEVICE_FAMILY = "1,2";
				TEST_HOST = "$(BUILT_PRODUCTS_DIR)/Tumblr.app/Tumblr";
			};
			name = Release;
		};
		E0249FC3202375C400673C87 /* Debug */ = {
			isa = XCBuildConfiguration;
			buildSettings = {
				ALWAYS_EMBED_SWIFT_STANDARD_LIBRARIES = YES;
				CODE_SIGN_STYLE = Automatic;
				DEVELOPMENT_TEAM = L84MJ8VB5P;
				INFOPLIST_FILE = TumblrUITests/Info.plist;
				LD_RUNPATH_SEARCH_PATHS = "$(inherited) @executable_path/Frameworks @loader_path/Frameworks";
				PRODUCT_BUNDLE_IDENTIFIER = "Morgan-State.TumblrUITests";
				PRODUCT_NAME = "$(TARGET_NAME)";
				SWIFT_VERSION = 4.0;
				TARGETED_DEVICE_FAMILY = "1,2";
				TEST_TARGET_NAME = Tumblr;
			};
			name = Debug;
		};
		E0249FC4202375C400673C87 /* Release */ = {
			isa = XCBuildConfiguration;
			buildSettings = {
				ALWAYS_EMBED_SWIFT_STANDARD_LIBRARIES = YES;
				CODE_SIGN_STYLE = Automatic;
				DEVELOPMENT_TEAM = L84MJ8VB5P;
				INFOPLIST_FILE = TumblrUITests/Info.plist;
				LD_RUNPATH_SEARCH_PATHS = "$(inherited) @executable_path/Frameworks @loader_path/Frameworks";
				PRODUCT_BUNDLE_IDENTIFIER = "Morgan-State.TumblrUITests";
				PRODUCT_NAME = "$(TARGET_NAME)";
				SWIFT_VERSION = 4.0;
				TARGETED_DEVICE_FAMILY = "1,2";
				TEST_TARGET_NAME = Tumblr;
			};
			name = Release;
		};
/* End XCBuildConfiguration section */

/* Begin XCConfigurationList section */
		E0249F8F202375C300673C87 /* Build configuration list for PBXProject "Tumblr" */ = {
			isa = XCConfigurationList;
			buildConfigurations = (
				E0249FBA202375C400673C87 /* Debug */,
				E0249FBB202375C400673C87 /* Release */,
			);
			defaultConfigurationIsVisible = 0;
			defaultConfigurationName = Release;
		};
		E0249FBC202375C400673C87 /* Build configuration list for PBXNativeTarget "Tumblr" */ = {
			isa = XCConfigurationList;
			buildConfigurations = (
				E0249FBD202375C400673C87 /* Debug */,
				E0249FBE202375C400673C87 /* Release */,
			);
			defaultConfigurationIsVisible = 0;
			defaultConfigurationName = Release;
		};
		E0249FBF202375C400673C87 /* Build configuration list for PBXNativeTarget "TumblrTests" */ = {
			isa = XCConfigurationList;
			buildConfigurations = (
				E0249FC0202375C400673C87 /* Debug */,
				E0249FC1202375C400673C87 /* Release */,
			);
			defaultConfigurationIsVisible = 0;
			defaultConfigurationName = Release;
		};
		E0249FC2202375C400673C87 /* Build configuration list for PBXNativeTarget "TumblrUITests" */ = {
			isa = XCConfigurationList;
			buildConfigurations = (
				E0249FC3202375C400673C87 /* Debug */,
				E0249FC4202375C400673C87 /* Release */,
			);
			defaultConfigurationIsVisible = 0;
			defaultConfigurationName = Release;
		};
/* End XCConfigurationList section */
	};
	rootObject = E0249F8C202375C300673C87 /* Project object */;
}
